
Microsoft Visual Studio Solution File, Format Version 12.00
# Visual Studio Version 17
VisualStudioVersion = 17.13.35806.99
MinimumVisualStudioVersion = 10.0.40219.1
Project("{FAE04EC0-301F-11D3-BF4B-00C04F79EFBC}") = "VotingBlockchain", "VotingBlockchain\VotingBlockchain.csproj", "{C30B2563-CFD8-45EC-A43C-4B4B68D16E9D}"
EndProject
Project("{FAE04EC0-301F-11D3-BF4B-00C04F79EFBC}") = "VotingBlockchainConsole", "VotingBlockchainConsole\VotingBlockchainConsole.csproj", "{F93CA4EE-52A3-49CF-895A-E3B4D2793861}"
EndProject
Project("{FAE04EC0-301F-11D3-BF4B-00C04F79EFBC}") = "Node", "Node\Node.csproj", "{A940662E-1E11-4DDB-8EAA-9B3C8B378B8B}"
EndProject
Project("{FAE04EC0-301F-11D3-BF4B-00C04F79EFBC}") = "Miner", "Miner\Miner.csproj", "{8F2A2856-FE0A-47CC-BCC1-5038A6FF27E1}"
EndProject
Project("{FAE04EC0-301F-11D3-BF4B-00C04F79EFBC}") = "bVote", "bVote\bVote.csproj", "{9FE6B6D8-E3CB-43F8-9DDF-F4EDFFE01B10}"
EndProject
Global
	GlobalSection(SolutionConfigurationPlatforms) = preSolution
		Debug|Any CPU = Debug|Any CPU
		Release|Any CPU = Release|Any CPU
	EndGlobalSection
	GlobalSection(ProjectConfigurationPlatforms) = postSolution
		{C30B2563-CFD8-45EC-A43C-4B4B68D16E9D}.Debug|Any CPU.ActiveCfg = Debug|Any CPU
		{C30B2563-CFD8-45EC-A43C-4B4B68D16E9D}.Debug|Any CPU.Build.0 = Debug|Any CPU
		{C30B2563-CFD8-45EC-A43C-4B4B68D16E9D}.Release|Any CPU.ActiveCfg = Release|Any CPU
		{C30B2563-CFD8-45EC-A43C-4B4B68D16E9D}.Release|Any CPU.Build.0 = Release|Any CPU
		{F93CA4EE-52A3-49CF-895A-E3B4D2793861}.Debug|Any CPU.ActiveCfg = Debug|Any CPU
		{F93CA4EE-52A3-49CF-895A-E3B4D2793861}.Debug|Any CPU.Build.0 = Debug|Any CPU
		{F93CA4EE-52A3-49CF-895A-E3B4D2793861}.Release|Any CPU.ActiveCfg = Release|Any CPU
		{F93CA4EE-52A3-49CF-895A-E3B4D2793861}.Release|Any CPU.Build.0 = Release|Any CPU
		{A940662E-1E11-4DDB-8EAA-9B3C8B378B8B}.Debug|Any CPU.ActiveCfg = Debug|Any CPU
		{A940662E-1E11-4DDB-8EAA-9B3C8B378B8B}.Debug|Any CPU.Build.0 = Debug|Any CPU
		{A940662E-1E11-4DDB-8EAA-9B3C8B378B8B}.Release|Any CPU.ActiveCfg = Release|Any CPU
		{A940662E-1E11-4DDB-8EAA-9B3C8B378B8B}.Release|Any CPU.Build.0 = Release|Any CPU
		{8F2A2856-FE0A-47CC-BCC1-5038A6FF27E1}.Debug|Any CPU.ActiveCfg = Debug|Any CPU
		{8F2A2856-FE0A-47CC-BCC1-5038A6FF27E1}.Debug|Any CPU.Build.0 = Debug|Any CPU
		{8F2A2856-FE0A-47CC-BCC1-5038A6FF27E1}.Release|Any CPU.ActiveCfg = Release|Any CPU
		{8F2A2856-FE0A-47CC-BCC1-5038A6FF27E1}.Release|Any CPU.Build.0 = Release|Any CPU
		{9FE6B6D8-E3CB-43F8-9DDF-F4EDFFE01B10}.Debug|Any CPU.ActiveCfg = Debug|Any CPU
		{9FE6B6D8-E3CB-43F8-9DDF-F4EDFFE01B10}.Debug|Any CPU.Build.0 = Debug|Any CPU
		{9FE6B6D8-E3CB-43F8-9DDF-F4EDFFE01B10}.Release|Any CPU.ActiveCfg = Release|Any CPU
		{9FE6B6D8-E3CB-43F8-9DDF-F4EDFFE01B10}.Release|Any CPU.Build.0 = Release|Any CPU
	EndGlobalSection
	GlobalSection(SolutionProperties) = preSolution
		HideSolutionNode = FALSE
	EndGlobalSection
	GlobalSection(ExtensibilityGlobals) = postSolution
		SolutionGuid = {62515BF6-D2F6-4780-BFA8-19D64B9F65FC}
	EndGlobalSection
EndGlobal
